
Microsoft Visual Studio Solution File, Format Version 12.00
# Visual Studio Version 16
VisualStudioVersion = 16.0.28803.352
MinimumVisualStudioVersion = 10.0.40219.1
Project("{FAE04EC0-301F-11D3-BF4B-00C04F79EFBC}") = "Assignment1form", "Assignment1form\Assignment1form.csproj", "{D1CA45A5-882D-413C-9478-A9A80BCA198C}"
EndProject
Project("{FAE04EC0-301F-11D3-BF4B-00C04F79EFBC}") = "Assignment1console", "Assignment1console\Assignment1console.csproj", "{1C0CDB92-AD07-4D1E-9CAC-F2EA56F6D843}"
EndProject
Global
	GlobalSection(SolutionConfigurationPlatforms) = preSolution
		Debug|Any CPU = Debug|Any CPU
		Release|Any CPU = Release|Any CPU
	EndGlobalSection
	GlobalSection(ProjectConfigurationPlatforms) = postSolution
		{D1CA45A5-882D-413C-9478-A9A80BCA198C}.Debug|Any CPU.ActiveCfg = Debug|Any CPU
		{D1CA45A5-882D-413C-9478-A9A80BCA198C}.Debug|Any CPU.Build.0 = Debug|Any CPU
		{D1CA45A5-882D-413C-9478-A9A80BCA198C}.Release|Any CPU.ActiveCfg = Release|Any CPU
		{D1CA45A5-882D-413C-9478-A9A80BCA198C}.Release|Any CPU.Build.0 = Release|Any CPU
		{1C0CDB92-AD07-4D1E-9CAC-F2EA56F6D843}.Debug|Any CPU.ActiveCfg = Debug|Any CPU
		{1C0CDB92-AD07-4D1E-9CAC-F2EA56F6D843}.Debug|Any CPU.Build.0 = Debug|Any CPU
		{1C0CDB92-AD07-4D1E-9CAC-F2EA56F6D843}.Release|Any CPU.ActiveCfg = Release|Any CPU
		{1C0CDB92-AD07-4D1E-9CAC-F2EA56F6D843}.Release|Any CPU.Build.0 = Release|Any CPU
	EndGlobalSection
	GlobalSection(SolutionProperties) = preSolution
		HideSolutionNode = FALSE
	EndGlobalSection
	GlobalSection(ExtensibilityGlobals) = postSolution
		SolutionGuid = {0B5CCFCE-D58A-46E7-A62C-950CB14E9543}
	EndGlobalSection
EndGlobal
